{
  "name": "web",
  "version": "0.0.0",
  "lockfileVersion": 3,
  "requires": true,
  "packages": {
    "": {
      "name": "web",
      "version": "0.0.0",
      "dependencies": {
        "@floating-ui/dom": "^1.7.6",
        "@floating-ui/vue": "^1.1.11",
        "@fontsource-variable/jetbrains-mono": "^5.2.8",
        "@fontsource/geist": "^5.2.9",
        "@tailwindcss/vite": "^4.3.0",
        "@vueuse/core": "^14.3.0",
        "material-symbols": "^0.44.10",
        "tailwindcss": "^4.3.0",
        "vue": "^3.5.34",
        "vue-sonner": "^2.0.9"
      },
      "devDependencies": {
        "@tailwindcss/forms": "^0.5.11",
        "@types/node": "^24.12.3",
        "@vitejs/plugin-vue": "^6.0.6",
        "@vue/tsconfig": "^0.9.1",
        "husky": "^9.1.7",
        "typescript": "~6.0.2",
        "vite": "^8.0.12",
        "vue-tsc": "^3.2.8"
      }
    },
    "node_modules/@babel/helper-string-parser": {
      "version": "7.29.7",
      "license": "MIT",
      "engines": {
        "node": ">=6.9.0"
      }
    },
    "node_modules/@babel/helper-validator-identifier": {
      "version": "7.29.7",
      "license": "MIT",
      "engines": {
        "node": ">=6.9.0"
      }
    },
    "node_modules/@babel/parser": {
      "version": "7.29.7",
      "license": "MIT",
      "dependencies": {
        "@babel/types": "^7.29.7"
      },
      "bin": {
        "parser": "bin/babel-parser.js"
      },
      "engines": {
        "node": ">=6.0.0"
      }
    },
    "node_modules/@babel/types": {
      "version": "7.29.7",
      "license": "MIT",
      "dependencies": {
        "@babel/helper-string-parser": "^7.29.7",
        "@babel/helper-validator-identifier": "^7.29.7"
      },
      "engines": {
        "node": ">=6.9.0"
      }
    },
    "node_modules/@floating-ui/core": {
      "version": "1.7.5",
      "license": "MIT",
      "dependencies": {
        "@floating-ui/utils": "^0.2.11"
      }
    },
    "node_modules/@floating-ui/dom": {
      "version": "1.7.6",
      "license": "MIT",
      "dependencies": {
        "@floating-ui/core": "^1.7.5",
        "@floating-ui/utils": "^0.2.11"
      }
    },
    "node_modules/@floating-ui/utils": {
      "version": "0.2.11",
      "license": "MIT"
    },
    "node_modules/@floating-ui/vue": {
      "version": "1.1.11",
      "resolved": "https://registry.npmmirror.com/@floating-ui/vue/-/vue-1.1.11.tgz",
      "integrity": "sha512-HzHKCNVxnGS35r9fCHBc3+uCnjw9IWIlCPL683cGgM9Kgj2BiAl8x1mS7vtvP6F9S/e/q4O6MApwSHj8hNLGfw==",
      "license": "MIT",
      "dependencies": {
        "@floating-ui/dom": "^1.7.6",
        "@floating-ui/utils": "^0.2.11",
        "vue-demi": ">=0.13.0"
      }
    },
    "node_modules/@floating-ui/vue/node_modules/vue-demi": {
      "version": "0.14.10",
      "resolved": "https://registry.npmmirror.com/vue-demi/-/vue-demi-0.14.10.tgz",
      "integrity": "sha512-nMZBOwuzabUO0nLgIcc6rycZEebF6eeUfaiQx9+WSk8e29IbLvPU9feI6tqW4kTo3hvoYAJkMh8n8D0fuISphg==",
      "hasInstallScript": true,
      "license": "MIT",
      "bin": {
        "vue-demi-fix": "bin/vue-demi-fix.js",
        "vue-demi-switch": "bin/vue-demi-switch.js"
      },
      "engines": {
        "node": ">=12"
      },
      "funding": {
        "url": "https://github.com/sponsors/antfu"
      },
      "peerDependencies": {
        "@vue/composition-api": "^1.0.0-rc.1",
        "vue": "^3.0.0-0 || ^2.6.0"
      },
      "peerDependenciesMeta": {
        "@vue/composition-api": {
          "optional": true
        }
      }
    },
    "node_modules/@fontsource-variable/jetbrains-mono": {
      "version": "5.2.8",
      "resolved": "https://registry.npmmirror.com/@fontsource-variable/jetbrains-mono/-/jetbrains-mono-5.2.8.tgz",
      "integrity": "sha512-WBA9elru6Jdp5df2mES55wuOO0WIrn3kpXnI4+W2ek5u3ZgLS9XS4gmIlcQhiZOWEKl95meYdvK7xI+ETLCq/Q==",
      "license": "OFL-1.1",
      "funding": {
        "url": "https://github.com/sponsors/ayuhito"
      }
    },
    "node_modules/@fontsource/geist": {
      "version": "5.2.9",
      "resolved": "https://registry.npmmirror.com/@fontsource/geist/-/geist-5.2.9.tgz",
      "integrity": "sha512-6QMur8g+3/9Uvfv/5chLJGBc9bYVzWijFrWEl0uZnitxp6wEPqKCJd9/GBlOk4dg/QSe96a3TUKEgmscFpE+4g==",
      "license": "OFL-1.1",
      "funding": {
        "url": "https://github.com/sponsors/ayuhito"
      }
    },
    "node_modules/@jridgewell/gen-mapping": {
      "version": "0.3.13",
      "license": "MIT",
      "dependencies": {
        "@jridgewell/sourcemap-codec": "^1.5.0",
        "@jridgewell/trace-mapping": "^0.3.24"
      }
    },
    "node_modules/@jridgewell/remapping": {
      "version": "2.3.5",
      "license": "MIT",
      "dependencies": {
        "@jridgewell/gen-mapping": "^0.3.5",
        "@jridgewell/trace-mapping": "^0.3.24"
      }
    },
    "node_modules/@jridgewell/resolve-uri": {
      "version": "3.1.2",
      "license": "MIT",
      "engines": {
        "node": ">=6.0.0"
      }
    },
    "node_modules/@jridgewell/sourcemap-codec": {
      "version": "1.5.5",
      "license": "MIT"
    },
    "node_modules/@jridgewell/trace-mapping": {
      "version": "0.3.31",
      "license": "MIT",
      "dependencies": {
        "@jridgewell/resolve-uri": "^3.1.0",
        "@jridgewell/sourcemap-codec": "^1.4.14"
      }
    },
    "node_modules/@oxc-project/types": {
      "version": "0.132.0",
      "license": "MIT",
      "funding": {
        "url": "https://github.com/sponsors/Boshen"
      }
    },
    "node_modules/@rolldown/binding-win32-x64-msvc": {
      "version": "1.0.2",
      "cpu": [
        "x64"
      ],
      "license": "MIT",
      "optional": true,
      "os": [
        "win32"
      ],
      "engines": {
        "node": "^20.19.0 || >=22.12.0"
      }
    },
    "node_modules/@rolldown/pluginutils": {
      "version": "1.0.1",
      "license": "MIT"
    },
    "node_modules/@tailwindcss/forms": {
      "version": "0.5.11",
      "resolved": "https://registry.npmmirror.com/@tailwindcss/forms/-/forms-0.5.11.tgz",
      "integrity": "sha512-h9wegbZDPurxG22xZSoWtdzc41/OlNEUQERNqI/0fOwa2aVlWGu7C35E/x6LDyD3lgtztFSSjKZyuVM0hxhbgA==",
      "dev": true,
      "license": "MIT",
      "dependencies": {
        "mini-svg-data-uri": "^1.2.3"
      },
      "peerDependencies": {
        "tailwindcss": ">=3.0.0 || >= 3.0.0-alpha.1 || >= 4.0.0-alpha.20 || >= 4.0.0-beta.1"
      }
    },
    "node_modules/@tailwindcss/node": {
      "version": "4.3.0",
      "license": "MIT",
      "dependencies": {
        "@jridgewell/remapping": "^2.3.5",
        "enhanced-resolve": "^5.21.0",
        "jiti": "^2.6.1",
        "lightningcss": "1.32.0",
        "magic-string": "^0.30.21",
        "source-map-js": "^1.2.1",
        "tailwindcss": "4.3.0"
      }
    },
    "node_modules/@tailwindcss/oxide": {
      "version": "4.3.0",
      "license": "MIT",
      "engines": {
        "node": ">= 20"
      },
      "optionalDependencies": {
        "@tailwindcss/oxide-android-arm64": "4.3.0",
        "@tailwindcss/oxide-darwin-arm64": "4.3.0",
        "@tailwindcss/oxide-darwin-x64": "4.3.0",
        "@tailwindcss/oxide-freebsd-x64": "4.3.0",
        "@tailwindcss/oxide-linux-arm-gnueabihf": "4.3.0",
        "@tailwindcss/oxide-linux-arm64-gnu": "4.3.0",
        "@tailwindcss/oxide-linux-arm64-musl": "4.3.0",
        "@tailwindcss/oxide-linux-x64-gnu": "4.3.0",
        "@tailwindcss/oxide-linux-x64-musl": "4.3.0",
        "@tailwindcss/oxide-wasm32-wasi": "4.3.0",
        "@tailwindcss/oxide-win32-arm64-msvc": "4.3.0",
        "@tailwindcss/oxide-win32-x64-msvc": "4.3.0"
      }
    },
    "node_modules/@tailwindcss/oxide-win32-x64-msvc": {
      "version": "4.3.0",
      "cpu": [
        "x64"
      ],
      "license": "MIT",
      "optional": true,
      "os": [
        "win32"
      ],
      "engines": {
        "node": ">= 20"
      }
    },
    "node_modules/@tailwindcss/vite": {
      "version": "4.3.0",
      "license": "MIT",
      "dependencies": {
        "@tailwindcss/node": "4.3.0",
        "@tailwindcss/oxide": "4.3.0",
        "tailwindcss": "4.3.0"
      },
      "peerDependencies": {
        "vite": "^5.2.0 || ^6 || ^7 || ^8"
      }
    },
    "node_modules/@types/node": {
      "version": "24.12.4",
      "devOptional": true,
      "license": "MIT",
      "dependencies": {
        "undici-types": "~7.16.0"
      }
    },
    "node_modules/@types/web-bluetooth": {
      "version": "0.0.21",
      "license": "MIT"
    },
    "node_modules/@vitejs/plugin-vue": {
      "version": "6.0.7",
      "dev": true,
      "license": "MIT",
      "dependencies": {
        "@rolldown/pluginutils": "^1.0.1"
      },
      "engines": {
        "node": "^20.19.0 || >=22.12.0"
      },
      "peerDependencies": {
        "vite": "^5.0.0 || ^6.0.0 || ^7.0.0 || ^8.0.0",
        "vue": "^3.2.25"
      }
    },
    "node_modules/@volar/language-core": {
      "version": "2.4.28",
      "dev": true,
      "license": "MIT",
      "dependencies": {
        "@volar/source-map": "2.4.28"
      }
    },
    "node_modules/@volar/source-map": {
      "version": "2.4.28",
      "dev": true,
      "license": "MIT"
    },
    "node_modules/@volar/typescript": {
      "version": "2.4.28",
      "dev": true,
      "license": "MIT",
      "dependencies": {
        "@volar/language-core": "2.4.28",
        "path-browserify": "^1.0.1",
        "vscode-uri": "^3.0.8"
      }
    },
    "node_modules/@vue/compiler-core": {
      "version": "3.5.35",
      "license": "MIT",
      "dependencies": {
        "@babel/parser": "^7.29.3",
        "@vue/shared": "3.5.35",
        "entities": "^7.0.1",
        "estree-walker": "^2.0.2",
        "source-map-js": "^1.2.1"
      }
    },
    "node_modules/@vue/compiler-dom": {
      "version": "3.5.35",
      "license": "MIT",
      "dependencies": {
        "@vue/compiler-core": "3.5.35",
        "@vue/shared": "3.5.35"
      }
    },
    "node_modules/@vue/compiler-sfc": {
      "version": "3.5.35",
      "license": "MIT",
      "dependencies": {
        "@babel/parser": "^7.29.3",
        "@vue/compiler-core": "3.5.35",
        "@vue/compiler-dom": "3.5.35",
        "@vue/compiler-ssr": "3.5.35",
        "@vue/shared": "3.5.35",
        "estree-walker": "^2.0.2",
        "magic-string": "^0.30.21",
        "postcss": "^8.5.15",
        "source-map-js": "^1.2.1"
      }
    },
    "node_modules/@vue/compiler-ssr": {
      "version": "3.5.35",
      "license": "MIT",
      "dependencies": {
        "@vue/compiler-dom": "3.5.35",
        "@vue/shared": "3.5.35"
      }
    },
    "node_modules/@vue/language-core": {
      "version": "3.3.2",
      "dev": true,
      "license": "MIT",
      "dependencies": {
        "@volar/language-core": "2.4.28",
        "@vue/compiler-dom": "^3.5.0",
        "@vue/shared": "^3.5.0",
        "alien-signals": "^3.2.0",
        "muggle-string": "^0.4.1",
        "path-browserify": "^1.0.1",
        "picomatch": "^4.0.4"
      }
    },
    "node_modules/@vue/reactivity": {
      "version": "3.5.35",
      "license": "MIT",
      "dependencies": {
        "@vue/shared": "3.5.35"
      }
    },
    "node_modules/@vue/runtime-core": {
      "version": "3.5.35",
      "license": "MIT",
      "dependencies": {
        "@vue/reactivity": "3.5.35",
        "@vue/shared": "3.5.35"
      }
    },
    "node_modules/@vue/runtime-dom": {
      "version": "3.5.35",
      "license": "MIT",
      "dependencies": {
        "@vue/reactivity": "3.5.35",
        "@vue/runtime-core": "3.5.35",
        "@vue/shared": "3.5.35",
        "csstype": "^3.2.3"
      }
    },
    "node_modules/@vue/server-renderer": {
      "version": "3.5.35",
      "license": "MIT",
      "dependencies": {
        "@vue/compiler-ssr": "3.5.35",
        "@vue/shared": "3.5.35"
      },
      "peerDependencies": {
        "vue": "3.5.35"
      }
    },
    "node_modules/@vue/shared": {
      "version": "3.5.35",
      "license": "MIT"
    },
    "node_modules/@vue/tsconfig": {
      "version": "0.9.1",
      "dev": true,
      "license": "MIT",
      "peerDependencies": {
        "typescript": ">= 5.8",
        "vue": "^3.4.0"
      },
      "peerDependenciesMeta": {
        "typescript": {
          "optional": true
        },
        "vue": {
          "optional": true
        }
      }
    },
    "node_modules/@vueuse/core": {
      "version": "14.3.0",
      "license": "MIT",
      "dependencies": {
        "@types/web-bluetooth": "^0.0.21",
        "@vueuse/metadata": "14.3.0",
        "@vueuse/shared": "14.3.0"
      },
      "funding": {
        "url": "https://github.com/sponsors/antfu"
      },
      "peerDependencies": {
        "vue": "^3.5.0"
      }
    },
    "node_modules/@vueuse/metadata": {
      "version": "14.3.0",
      "license": "MIT",
      "funding": {
        "url": "https://github.com/sponsors/antfu"
      }
    },
    "node_modules/@vueuse/shared": {
      "version": "14.3.0",
      "license": "MIT",
      "funding": {
        "url": "https://github.com/sponsors/antfu"
      },
      "peerDependencies": {
        "vue": "^3.5.0"
      }
    },
    "node_modules/alien-signals": {
      "version": "3.2.1",
      "dev": true,
      "license": "MIT"
    },
    "node_modules/csstype": {
      "version": "3.2.3",
      "license": "MIT"
    },
    "node_modules/detect-libc": {
      "version": "2.1.2",
      "license": "Apache-2.0",
      "engines": {
        "node": ">=8"
      }
    },
    "node_modules/enhanced-resolve": {
      "version": "5.22.1",
      "license": "MIT",
      "dependencies": {
        "graceful-fs": "^4.2.4",
        "tapable": "^2.3.3"
      },
      "engines": {
        "node": ">=10.13.0"
      }
    },
    "node_modules/entities": {
      "version": "7.0.1",
      "license": "BSD-2-Clause",
      "engines": {
        "node": ">=0.12"
      },
      "funding": {
        "url": "https://github.com/fb55/entities?sponsor=1"
      }
    },
    "node_modules/estree-walker": {
      "version": "2.0.2",
      "license": "MIT"
    },
    "node_modules/fdir": {
      "version": "6.5.0",
      "license": "MIT",
      "engines": {
        "node": ">=12.0.0"
      },
      "peerDependencies": {
        "picomatch": "^3 || ^4"
      },
      "peerDependenciesMeta": {
        "picomatch": {
          "optional": true
        }
      }
    },
    "node_modules/graceful-fs": {
      "version": "4.2.11",
      "license": "ISC"
    },
    "node_modules/husky": {
      "version": "9.1.7",
      "resolved": "https://registry.npmmirror.com/husky/-/husky-9.1.7.tgz",
      "integrity": "sha512-5gs5ytaNjBrh5Ow3zrvdUUY+0VxIuWVL4i9irt6friV+BqdCfmV11CQTWMiBYWHbXhco+J1kHfTOUkePhCDvMA==",
      "dev": true,
      "license": "MIT",
      "bin": {
        "husky": "bin.js"
      },
      "engines": {
        "node": ">=18"
      },
      "funding": {
        "url": "https://github.com/sponsors/typicode"
      }
    },
    "node_modules/jiti": {
      "version": "2.7.0",
      "license": "MIT",
      "bin": {
        "jiti": "lib/jiti-cli.mjs"
      }
    },
    "node_modules/lightningcss": {
      "version": "1.32.0",
      "license": "MPL-2.0",
      "dependencies": {
        "detect-libc": "^2.0.3"
      },
      "engines": {
        "node": ">= 12.0.0"
      },
      "funding": {
        "type": "opencollective",
        "url": "https://opencollective.com/parcel"
      },
      "optionalDependencies": {
        "lightningcss-android-arm64": "1.32.0",
        "lightningcss-darwin-arm64": "1.32.0",
        "lightningcss-darwin-x64": "1.32.0",
        "lightningcss-freebsd-x64": "1.32.0",
        "lightningcss-linux-arm-gnueabihf": "1.32.0",
        "lightningcss-linux-arm64-gnu": "1.32.0",
        "lightningcss-linux-arm64-musl": "1.32.0",
        "lightningcss-linux-x64-gnu": "1.32.0",
        "lightningcss-linux-x64-musl": "1.32.0",
        "lightningcss-win32-arm64-msvc": "1.32.0",
        "lightningcss-win32-x64-msvc": "1.32.0"
      }
    },
    "node_modules/lightningcss-win32-x64-msvc": {
      "version": "1.32.0",
      "cpu": [
        "x64"
      ],
      "license": "MPL-2.0",
      "optional": true,
      "os": [
        "win32"
      ],
      "engines": {
        "node": ">= 12.0.0"
      },
      "funding": {
        "type": "opencollective",
        "url": "https://opencollective.com/parcel"
      }
    },
    "node_modules/magic-string": {
      "version": "0.30.21",
      "license": "MIT",
      "dependencies": {
        "@jridgewell/sourcemap-codec": "^1.5.5"
      }
    },
    "node_modules/material-symbols": {
      "version": "0.44.10",
      "resolved": "https://registry.npmmirror.com/material-symbols/-/material-symbols-0.44.10.tgz",
      "integrity": "sha512-N/sAHC6C6s/cBG+o64tjosppMw2sC/rqo4AhANG4GTpH2E0X1VaIy5P77Rehk1NcPg22JRIbr9aKQkbX/a8REQ==",
      "license": "Apache-2.0"
    },
    "node_modules/mini-svg-data-uri": {
      "version": "1.4.4",
      "resolved": "https://registry.npmmirror.com/mini-svg-data-uri/-/mini-svg-data-uri-1.4.4.tgz",
      "integrity": "sha512-r9deDe9p5FJUPZAk3A59wGH7Ii9YrjjWw0jmw/liSbHl2CHiyXj6FcDXDu2K3TjVAXqiJdaw3xxwlZZr9E6nHg==",
      "dev": true,
      "license": "MIT",
      "bin": {
        "mini-svg-data-uri": "cli.js"
      }
    },
    "node_modules/muggle-string": {
      "version": "0.4.1",
      "dev": true,
      "license": "MIT"
    },
    "node_modules/nanoid": {
      "version": "3.3.12",
      "funding": [
        {
          "type": "github",
          "url": "https://github.com/sponsors/ai"
        }
      ],
      "license": "MIT",
      "bin": {
        "nanoid": "bin/nanoid.cjs"
      },
      "engines": {
        "node": "^10 || ^12 || ^13.7 || ^14 || >=15.0.1"
      }
    },
    "node_modules/path-browserify": {
      "version": "1.0.1",
      "dev": true,
      "license": "MIT"
    },
    "node_modules/picocolors": {
      "version": "1.1.1",
      "license": "ISC"
    },
    "node_modules/picomatch": {
      "version": "4.0.4",
      "license": "MIT",
      "engines": {
        "node": ">=12"
      },
      "funding": {
        "url": "https://github.com/sponsors/jonschlinkert"
      }
    },
    "node_modules/postcss": {
      "version": "8.5.15",
      "funding": [
        {
          "type": "opencollective",
          "url": "https://opencollective.com/postcss/"
        },
        {
          "type": "tidelift",
          "url": "https://tidelift.com/funding/github/npm/postcss"
        },
        {
          "type": "github",
          "url": "https://github.com/sponsors/ai"
        }
      ],
      "license": "MIT",
      "dependencies": {
        "nanoid": "^3.3.12",
        "picocolors": "^1.1.1",
        "source-map-js": "^1.2.1"
      },
      "engines": {
        "node": "^10 || ^12 || >=14"
      }
    },
    "node_modules/rolldown": {
      "version": "1.0.2",
      "license": "MIT",
      "dependencies": {
        "@oxc-project/types": "=0.132.0",
        "@rolldown/pluginutils": "^1.0.0"
      },
      "bin": {
        "rolldown": "bin/cli.mjs"
      },
      "engines": {
        "node": "^20.19.0 || >=22.12.0"
      },
      "optionalDependencies": {
        "@rolldown/binding-android-arm64": "1.0.2",
        "@rolldown/binding-darwin-arm64": "1.0.2",
        "@rolldown/binding-darwin-x64": "1.0.2",
        "@rolldown/binding-freebsd-x64": "1.0.2",
        "@rolldown/binding-linux-arm-gnueabihf": "1.0.2",
        "@rolldown/binding-linux-arm64-gnu": "1.0.2",
        "@rolldown/binding-linux-arm64-musl": "1.0.2",
        "@rolldown/binding-linux-ppc64-gnu": "1.0.2",
        "@rolldown/binding-linux-s390x-gnu": "1.0.2",
        "@rolldown/binding-linux-x64-gnu": "1.0.2",
        "@rolldown/binding-linux-x64-musl": "1.0.2",
        "@rolldown/binding-openharmony-arm64": "1.0.2",
        "@rolldown/binding-wasm32-wasi": "1.0.2",
        "@rolldown/binding-win32-arm64-msvc": "1.0.2",
        "@rolldown/binding-win32-x64-msvc": "1.0.2"
      }
    },
    "node_modules/source-map-js": {
      "version": "1.2.1",
      "license": "BSD-3-Clause",
      "engines": {
        "node": ">=0.10.0"
      }
    },
    "node_modules/tailwindcss": {
      "version": "4.3.0",
      "license": "MIT"
    },
    "node_modules/tapable": {
      "version": "2.3.3",
      "license": "MIT",
      "engines": {
        "node": ">=6"
      },
      "funding": {
        "type": "opencollective",
        "url": "https://opencollective.com/webpack"
      }
    },
    "node_modules/tinyglobby": {
      "version": "0.2.16",
      "license": "MIT",
      "dependencies": {
        "fdir": "^6.5.0",
        "picomatch": "^4.0.4"
      },
      "engines": {
        "node": ">=12.0.0"
      },
      "funding": {
        "url": "https://github.com/sponsors/SuperchupuDev"
      }
    },
    "node_modules/typescript": {
      "version": "6.0.3",
      "devOptional": true,
      "license": "Apache-2.0",
      "bin": {
        "tsc": "bin/tsc",
        "tsserver": "bin/tsserver"
      },
      "engines": {
        "node": ">=14.17"
      }
    },
    "node_modules/undici-types": {
      "version": "7.16.0",
      "devOptional": true,
      "license": "MIT"
    },
    "node_modules/vite": {
      "version": "8.0.14",
      "license": "MIT",
      "dependencies": {
        "lightningcss": "^1.32.0",
        "picomatch": "^4.0.4",
        "postcss": "^8.5.15",
        "rolldown": "1.0.2",
        "tinyglobby": "^0.2.16"
      },
      "bin": {
        "vite": "bin/vite.js"
      },
      "engines": {
        "node": "^20.19.0 || >=22.12.0"
      },
      "funding": {
        "url": "https://github.com/vitejs/vite?sponsor=1"
      },
      "optionalDependencies": {
        "fsevents": "~2.3.3"
      },
      "peerDependencies": {
        "@types/node": "^20.19.0 || >=22.12.0",
        "@vitejs/devtools": "^0.1.18",
        "esbuild": "^0.27.0 || ^0.28.0",
        "jiti": ">=1.21.0",
        "less": "^4.0.0",
        "sass": "^1.70.0",
        "sass-embedded": "^1.70.0",
        "stylus": ">=0.54.8",
        "sugarss": "^5.0.0",
        "terser": "^5.16.0",
        "tsx": "^4.8.1",
        "yaml": "^2.4.2"
      },
      "peerDependenciesMeta": {
        "@types/node": {
          "optional": true
        },
        "@vitejs/devtools": {
          "optional": true
        },
        "esbuild": {
          "optional": true
        },
        "jiti": {
          "optional": true
        },
        "less": {
          "optional": true
        },
        "sass": {
          "optional": true
        },
        "sass-embedded": {
          "optional": true
        },
        "stylus": {
          "optional": true
        },
        "sugarss": {
          "optional": true
        },
        "terser": {
          "optional": true
        },
        "tsx": {
          "optional": true
        },
        "yaml": {
          "optional": true
        }
      }
    },
    "node_modules/vscode-uri": {
      "version": "3.1.0",
      "dev": true,
      "license": "MIT"
    },
    "node_modules/vue": {
      "version": "3.5.35",
      "license": "MIT",
      "dependencies": {
        "@vue/compiler-dom": "3.5.35",
        "@vue/compiler-sfc": "3.5.35",
        "@vue/runtime-dom": "3.5.35",
        "@vue/server-renderer": "3.5.35",
        "@vue/shared": "3.5.35"
      },
      "peerDependencies": {
        "typescript": "*"
      },
      "peerDependenciesMeta": {
        "typescript": {
          "optional": true
        }
      }
    },
    "node_modules/vue-sonner": {
      "version": "2.0.9",
      "license": "MIT",
      "peerDependencies": {
        "@nuxt/kit": "^4.0.3",
        "@nuxt/schema": "^4.0.3",
        "nuxt": "^4.0.3"
      },
      "peerDependenciesMeta": {
        "@nuxt/kit": {
          "optional": true
        },
        "@nuxt/schema": {
          "optional": true
        },
        "nuxt": {
          "optional": true
        }
      }
    },
    "node_modules/vue-tsc": {
      "version": "3.3.2",
      "dev": true,
      "license": "MIT",
      "dependencies": {
        "@volar/typescript": "2.4.28",
        "@vue/language-core": "3.3.2"
      },
      "bin": {
        "vue-tsc": "bin/vue-tsc.js"
      },
      "peerDependencies": {
        "typescript": ">=5.0.0"
      }
    }
  }
}
